// !$*UTF8*$!
{
	archiveVersion = 1;
	classes = {
	};
	objectVersion = 50;
	objects = {

/* Begin PBXBuildFile section */
		C5DA920A26C521CD005B09BA /* AppDelegate.swift in Sources */ = {isa = PBXBuildFile; fileRef = C5DA920926C521CD005B09BA /* AppDelegate.swift */; };
		C5DA920C26C521CD005B09BA /* SceneDelegate.swift in Sources */ = {isa = PBXBuildFile; fileRef = C5DA920B26C521CD005B09BA /* SceneDelegate.swift */; };
		C5DA920E26C521CD005B09BA /* ViewController.swift in Sources */ = {isa = PBXBuildFile; fileRef = C5DA920D26C521CD005B09BA /* ViewController.swift */; };
		C5DA921326C521CE005B09BA /* Assets.xcassets in Resources */ = {isa = PBXBuildFile; fileRef = C5DA921226C521CE005B09BA /* Assets.xcassets */; };
		C5DA921626C521CE005B09BA /* LaunchScreen.storyboard in Resources */ = {isa = PBXBuildFile; fileRef = C5DA921426C521CE005B09BA /* LaunchScreen.storyboard */; };
		C5DA921E26C52248005B09BA /* InputView.swift in Sources */ = {isa = PBXBuildFile; fileRef = C5DA921D26C52248005B09BA /* InputView.swift */; };
		C5DA922226C52814005B09BA /* InputStack.swift in Sources */ = {isa = PBXBuildFile; fileRef = C5DA922126C52814005B09BA /* InputStack.swift */; };
		C5DA922426C52E4E005B09BA /* UITextField+Extensions.swift in Sources */ = {isa = PBXBuildFile; fileRef = C5DA922326C52E4E005B09BA /* UITextField+Extensions.swift */; };
		C5DA922626C52EDB005B09BA /* UIButton+Extensions.swift in Sources */ = {isa = PBXBuildFile; fileRef = C5DA922526C52EDB005B09BA /* UIButton+Extensions.swift */; };
		C5DA922826C53894005B09BA /* Calculator.swift in Sources */ = {isa = PBXBuildFile; fileRef = C5DA922726C53894005B09BA /* Calculator.swift */; };
		C5DA922A26C54375005B09BA /* OverlayView.swift in Sources */ = {isa = PBXBuildFile; fileRef = C5DA922926C54375005B09BA /* OverlayView.swift */; };
		C5DA922C26C546C6005B09BA /* PresentationController.swift in Sources */ = {isa = PBXBuildFile; fileRef = C5DA922B26C546C6005B09BA /* PresentationController.swift */; };
		C5DA922E26C54B1E005B09BA /* ViewController+Extensions.swift in Sources */ = {isa = PBXBuildFile; fileRef = C5DA922D26C54B1E005B09BA /* ViewController+Extensions.swift */; };
		C5E71C2826C5673700C29962 /* UIImage+Extensions.swift in Sources */ = {isa = PBXBuildFile; fileRef = C5E71C2726C5673700C29962 /* UIImage+Extensions.swift */; };
/* End PBXBuildFile section */

/* Begin PBXFileReference section */
		C5DA920626C521CD005B09BA /* Lectures.app */ = {isa = PBXFileReference; explicitFileType = wrapper.application; includeInIndex = 0; path = Lectures.app; sourceTree = BUILT_PRODUCTS_DIR; };
		C5DA920926C521CD005B09BA /* AppDelegate.swift */ = {isa = PBXFileReference; lastKnownFileType = sourcecode.swift; path = AppDelegate.swift; sourceTree = "<group>"; };
		C5DA920B26C521CD005B09BA /* SceneDelegate.swift */ = {isa = PBXFileReference; lastKnownFileType = sourcecode.swift; path = SceneDelegate.swift; sourceTree = "<group>"; };
		C5DA920D26C521CD005B09BA /* ViewController.swift */ = {isa = PBXFileReference; lastKnownFileType = sourcecode.swift; path = ViewController.swift; sourceTree = "<group>"; };
		C5DA921226C521CE005B09BA /* Assets.xcassets */ = {isa = PBXFileReference; lastKnownFileType = folder.assetcatalog; path = Assets.xcassets; sourceTree = "<group>"; };
		C5DA921526C521CE005B09BA /* Base */ = {isa = PBXFileReference; lastKnownFileType = file.storyboard; name = Base; path = Base.lproj/LaunchScreen.storyboard; sourceTree = "<group>"; };
		C5DA921726C521CE005B09BA /* Info.plist */ = {isa = PBXFileReference; lastKnownFileType = text.plist.xml; path = Info.plist; sourceTree = "<group>"; };
		C5DA921D26C52248005B09BA /* InputView.swift */ = {isa = PBXFileReference; lastKnownFileType = sourcecode.swift; path = InputView.swift; sourceTree = "<group>"; };
		C5DA922126C52814005B09BA /* InputStack.swift */ = {isa = PBXFileReference; lastKnownFileType = sourcecode.swift; path = InputStack.swift; sourceTree = "<group>"; };
		C5DA922326C52E4E005B09BA /* UITextField+Extensions.swift */ = {isa = PBXFileReference; lastKnownFileType = sourcecode.swift; path = "UITextField+Extensions.swift"; sourceTree = "<group>"; };
		C5DA922526C52EDB005B09BA /* UIButton+Extensions.swift */ = {isa = PBXFileReference; lastKnownFileType = sourcecode.swift; path = "UIButton+Extensions.swift"; sourceTree = "<group>"; };
		C5DA922726C53894005B09BA /* Calculator.swift */ = {isa = PBXFileReference; lastKnownFileType = sourcecode.swift; path = Calculator.swift; sourceTree = "<group>"; };
		C5DA922926C54375005B09BA /* OverlayView.swift */ = {isa = PBXFileReference; lastKnownFileType = sourcecode.swift; path = OverlayView.swift; sourceTree = "<group>"; };
		C5DA922B26C546C6005B09BA /* PresentationController.swift */ = {isa = PBXFileReference; lastKnownFileType = sourcecode.swift; path = PresentationController.swift; sourceTree = "<group>"; };
		C5DA922D26C54B1E005B09BA /* ViewController+Extensions.swift */ = {isa = PBXFileReference; lastKnownFileType = sourcecode.swift; path = "ViewController+Extensions.swift"; sourceTree = "<group>"; };
		C5E71C2726C5673700C29962 /* UIImage+Extensions.swift */ = {isa = PBXFileReference; lastKnownFileType = sourcecode.swift; path = "UIImage+Extensions.swift"; sourceTree = "<group>"; };
/* End PBXFileReference section */

/* Begin PBXFrameworksBuildPhase section */
		C5DA920326C521CD005B09BA /* Frameworks */ = {
			isa = PBXFrameworksBuildPhase;
			buildActionMask = 2147483647;
			files = (
			);
			runOnlyForDeploymentPostprocessing = 0;
		};
/* End PBXFrameworksBuildPhase section */

/* Begin PBXGroup section */
		C5DA91FD26C521CD005B09BA = {
			isa = PBXGroup;
			children = (
				C5DA920826C521CD005B09BA /* Lectures */,
				C5DA920726C521CD005B09BA /* Products */,
			);
			sourceTree = "<group>";
		};
		C5DA920726C521CD005B09BA /* Products */ = {
			isa = PBXGroup;
			children = (
				C5DA920626C521CD005B09BA /* Lectures.app */,
			);
			name = Products;
			sourceTree = "<group>";
		};
		C5DA920826C521CD005B09BA /* Lectures */ = {
			isa = PBXGroup;
			children = (
				C5DA923326C5529F005B09BA /* PresentationController */,
				C5DA923226C55296005B09BA /* Logic */,
				C5DA923126C55279005B09BA /* Extensions */,
				C5DA923026C55261005B09BA /* SubViews */,
				C5DA922F26C55248005B09BA /* ViewController */,
				C5DA920926C521CD005B09BA /* AppDelegate.swift */,
				C5DA920B26C521CD005B09BA /* SceneDelegate.swift */,
				C5DA921226C521CE005B09BA /* Assets.xcassets */,
				C5DA921426C521CE005B09BA /* LaunchScreen.storyboard */,
				C5DA921726C521CE005B09BA /* Info.plist */,
			);
			path = Lectures;
			sourceTree = "<group>";
		};
		C5DA922F26C55248005B09BA /* ViewController */ = {
			isa = PBXGroup;
			children = (
				C5DA920D26C521CD005B09BA /* ViewController.swift */,
				C5DA922926C54375005B09BA /* OverlayView.swift */,
			);
			path = ViewController;
			sourceTree = "<group>";
		};
		C5DA923026C55261005B09BA /* SubViews */ = {
			isa = PBXGroup;
			children = (
				C5DA922126C52814005B09BA /* InputStack.swift */,
				C5DA921D26C52248005B09BA /* InputView.swift */,
			);
			path = SubViews;
			sourceTree = "<group>";
		};
		C5DA923126C55279005B09BA /* Extensions */ = {
			isa = PBXGroup;
			children = (
				C5DA922D26C54B1E005B09BA /* ViewController+Extensions.swift */,
				C5DA922526C52EDB005B09BA /* UIButton+Extensions.swift */,
				C5DA922326C52E4E005B09BA /* UITextField+Extensions.swift */,
				C5E71C2726C5673700C29962 /* UIImage+Extensions.swift */,
			);
			path = Extensions;
			sourceTree = "<group>";
		};
		C5DA923226C55296005B09BA /* Logic */ = {
			isa = PBXGroup;
			children = (
				C5DA922726C53894005B09BA /* Calculator.swift */,
			);
			path = Logic;
			sourceTree = "<group>";
		};
		C5DA923326C5529F005B09BA /* PresentationController */ = {
			isa = PBXGroup;
			children = (
				C5DA922B26C546C6005B09BA /* PresentationController.swift */,
			);
			path = PresentationController;
			sourceTree = "<group>";
		};
/* End PBXGroup section */

/* Begin PBXNativeTarget section */
		C5DA920526C521CD005B09BA /* Lectures */ = {
			isa = PBXNativeTarget;
			buildConfigurationList = C5DA921A26C521CE005B09BA /* Build configuration list for PBXNativeTarget "Lectures" */;
			buildPhases = (
				C5DA920226C521CD005B09BA /* Sources */,
				C5DA920326C521CD005B09BA /* Frameworks */,
				C5DA920426C521CD005B09BA /* Resources */,
			);
			buildRules = (
			);
			dependencies = (
			);
			name = Lectures;
			productName = Lectures;
			productReference = C5DA920626C521CD005B09BA /* Lectures.app */;
			productType = "com.apple.product-type.application";
		};
/* End PBXNativeTarget section */

/* Begin PBXProject section */
		C5DA91FE26C521CD005B09BA /* Project object */ = {
			isa = PBXProject;
			attributes = {
				LastSwiftUpdateCheck = 1250;
				LastUpgradeCheck = 1250;
				TargetAttributes = {
					C5DA920526C521CD005B09BA = {
						CreatedOnToolsVersion = 12.5.1;
					};
				};
			};
			buildConfigurationList = C5DA920126C521CD005B09BA /* Build configuration list for PBXProject "Lectures" */;
			compatibilityVersion = "Xcode 9.3";
			developmentRegion = en;
			hasScannedForEncodings = 0;
			knownRegions = (
				en,
				Base,
			);
			mainGroup = C5DA91FD26C521CD005B09BA;
			productRefGroup = C5DA920726C521CD005B09BA /* Products */;
			projectDirPath = "";
			projectRoot = "";
			targets = (
				C5DA920526C521CD005B09BA /* Lectures */,
			);
		};
/* End PBXProject section */

/* Begin PBXResourcesBuildPhase section */
		C5DA920426C521CD005B09BA /* Resources */ = {
			isa = PBXResourcesBuildPhase;
			buildActionMask = 2147483647;
			files = (
				C5DA921626C521CE005B09BA /* LaunchScreen.storyboard in Resources */,
				C5DA921326C521CE005B09BA /* Assets.xcassets in Resources */,
			);
			runOnlyForDeploymentPostprocessing = 0;
		};
/* End PBXResourcesBuildPhase section */

/* Begin PBXSourcesBuildPhase section */
		C5DA920226C521CD005B09BA /* Sources */ = {
			isa = PBXSourcesBuildPhase;
			buildActionMask = 2147483647;
			files = (
				C5DA922A26C54375005B09BA /* OverlayView.swift in Sources */,
				C5DA920E26C521CD005B09BA /* ViewController.swift in Sources */,
				C5DA922E26C54B1E005B09BA /* ViewController+Extensions.swift in Sources */,
				C5E71C2826C5673700C29962 /* UIImage+Extensions.swift in Sources */,
				C5DA922626C52EDB005B09BA /* UIButton+Extensions.swift in Sources */,
				C5DA922226C52814005B09BA /* InputStack.swift in Sources */,
				C5DA921E26C52248005B09BA /* InputView.swift in Sources */,
				C5DA922426C52E4E005B09BA /* UITextField+Extensions.swift in Sources */,
				C5DA922826C53894005B09BA /* Calculator.swift in Sources */,
				C5DA920A26C521CD005B09BA /* AppDelegate.swift in Sources */,
				C5DA920C26C521CD005B09BA /* SceneDelegate.swift in Sources */,
				C5DA922C26C546C6005B09BA /* PresentationController.swift in Sources */,
			);
			runOnlyForDeploymentPostprocessing = 0;
		};
/* End PBXSourcesBuildPhase section */

/* Begin PBXVariantGroup section */
		C5DA921426C521CE005B09BA /* LaunchScreen.storyboard */ = {
			isa = PBXVariantGroup;
			children = (
				C5DA921526C521CE005B09BA /* Base */,
			);
			name = LaunchScreen.storyboard;
			sourceTree = "<group>";
		};
/* End PBXVariantGroup section */

/* Begin XCBuildConfiguration section */
		C5DA921826C521CE005B09BA /* Debug */ = {
			isa = XCBuildConfiguration;
			buildSettings = {
				ALWAYS_SEARCH_USER_PATHS = NO;
				CLANG_ANALYZER_NONNULL = YES;
				CLANG_ANALYZER_NUMBER_OBJECT_CONVERSION = YES_AGGRESSIVE;
				CLANG_CXX_LANGUAGE_STANDARD = "gnu++14";
				CLANG_CXX_LIBRARY = "libc++";
				CLANG_ENABLE_MODULES = YES;
				CLANG_ENABLE_OBJC_ARC = YES;
				CLANG_ENABLE_OBJC_WEAK = YES;
				CLANG_WARN_BLOCK_CAPTURE_AUTORELEASING = YES;
				CLANG_WARN_BOOL_CONVERSION = YES;
				CLANG_WARN_COMMA = YES;
				CLANG_WARN_CONSTANT_CONVERSION = YES;
				CLANG_WARN_DEPRECATED_OBJC_IMPLEMENTATIONS = YES;
				CLANG_WARN_DIRECT_OBJC_ISA_USAGE = YES_ERROR;
				CLANG_WARN_DOCUMENTATION_COMMENTS = YES;
				CLANG_WARN_EMPTY_BODY = YES;
				CLANG_WARN_ENUM_CONVERSION = YES;
				CLANG_WARN_INFINITE_RECURSION = YES;
				CLANG_WARN_INT_CONVERSION = YES;
				CLANG_WARN_NON_LITERAL_NULL_CONVERSION = YES;
				CLANG_WARN_OBJC_IMPLICIT_RETAIN_SELF = YES;
				CLANG_WARN_OBJC_LITERAL_CONVERSION = YES;
				CLANG_WARN_OBJC_ROOT_CLASS = YES_ERROR;
				CLANG_WARN_QUOTED_INCLUDE_IN_FRAMEWORK_HEADER = YES;
				CLANG_WARN_RANGE_LOOP_ANALYSIS = YES;
				CLANG_WARN_STRICT_PROTOTYPES = YES;
				CLANG_WARN_SUSPICIOUS_MOVE = YES;
				CLANG_WARN_UNGUARDED_AVAILABILITY = YES_AGGRESSIVE;
				CLANG_WARN_UNREACHABLE_CODE = YES;
				CLANG_WARN__DUPLICATE_METHOD_MATCH = YES;
				COPY_PHASE_STRIP = NO;
				DEBUG_INFORMATION_FORMAT = dwarf;
				ENABLE_STRICT_OBJC_MSGSEND = YES;
				ENABLE_TESTABILITY = YES;
				GCC_C_LANGUAGE_STANDARD = gnu11;
				GCC_DYNAMIC_NO_PIC = NO;
				GCC_NO_COMMON_BLOCKS = YES;
				GCC_OPTIMIZATION_LEVEL = 0;
				GCC_PREPROCESSOR_DEFINITIONS = (
					"DEBUG=1",
					"$(inherited)",
				);
				GCC_WARN_64_TO_32_BIT_CONVERSION = YES;
				GCC_WARN_ABOUT_RETURN_TYPE = YES_ERROR;
				GCC_WARN_UNDECLARED_SELECTOR = YES;
				GCC_WARN_UNINITIALIZED_AUTOS = YES_AGGRESSIVE;
				GCC_WARN_UNUSED_FUNCTION = YES;
				GCC_WARN_UNUSED_VARIABLE = YES;
				IPHONEOS_DEPLOYMENT_TARGET = 14.5;
				MTL_ENABLE_DEBUG_INFO = INCLUDE_SOURCE;
				MTL_FAST_MATH = YES;
				ONLY_ACTIVE_ARCH = YES;
				SDKROOT = iphoneos;
				SWIFT_ACTIVE_COMPILATION_CONDITIONS = DEBUG;
				SWIFT_OPTIMIZATION_LEVEL = "-Onone";
			};
			name = Debug;
		};
		C5DA921926C521CE005B09BA /* Release */ = {
			isa = XCBuildConfiguration;
			buildSettings = {
				ALWAYS_SEARCH_USER_PATHS = NO;
				CLANG_ANALYZER_NONNULL = YES;
				CLANG_ANALYZER_NUMBER_OBJECT_CONVERSION = YES_AGGRESSIVE;
				CLANG_CXX_LANGUAGE_STANDARD = "gnu++14";
				CLANG_CXX_LIBRARY = "libc++";
				CLANG_ENABLE_MODULES = YES;
				CLANG_ENABLE_OBJC_ARC = YES;
				CLANG_ENABLE_OBJC_WEAK = YES;
				CLANG_WARN_BLOCK_CAPTURE_AUTORELEASING = YES;
				CLANG_WARN_BOOL_CONVERSION = YES;
				CLANG_WARN_COMMA = YES;
				CLANG_WARN_CONSTANT_CONVERSION = YES;
				CLANG_WARN_DEPRECATED_OBJC_IMPLEMENTATIONS = YES;
				CLANG_WARN_DIRECT_OBJC_ISA_USAGE = YES_ERROR;
				CLANG_WARN_DOCUMENTATION_COMMENTS = YES;
				CLANG_WARN_EMPTY_BODY = YES;
				CLANG_WARN_ENUM_CONVERSION = YES;
				CLANG_WARN_INFINITE_RECURSION = YES;
				CLANG_WARN_INT_CONVERSION = YES;
				CLANG_WARN_NON_LITERAL_NULL_CONVERSION = YES;
				CLANG_WARN_OBJC_IMPLICIT_RETAIN_SELF = YES;
				CLANG_WARN_OBJC_LITERAL_CONVERSION = YES;
				CLANG_WARN_OBJC_ROOT_CLASS = YES_ERROR;
				CLANG_WARN_QUOTED_INCLUDE_IN_FRAMEWORK_HEADER = YES;
				CLANG_WARN_RANGE_LOOP_ANALYSIS = YES;
				CLANG_WARN_STRICT_PROTOTYPES = YES;
				CLANG_WARN_SUSPICIOUS_MOVE = YES;
				CLANG_WARN_UNGUARDED_AVAILABILITY = YES_AGGRESSIVE;
				CLANG_WARN_UNREACHABLE_CODE = YES;
				CLANG_WARN__DUPLICATE_METHOD_MATCH = YES;
				COPY_PHASE_STRIP = NO;
				DEBUG_INFORMATION_FORMAT = "dwarf-with-dsym";
				ENABLE_NS_ASSERTIONS = NO;
				ENABLE_STRICT_OBJC_MSGSEND = YES;
				GCC_C_LANGUAGE_STANDARD = gnu11;
				GCC_NO_COMMON_BLOCKS = YES;
				GCC_WARN_64_TO_32_BIT_CONVERSION = YES;
				GCC_WARN_ABOUT_RETURN_TYPE = YES_ERROR;
				GCC_WARN_UNDECLARED_SELECTOR = YES;
				GCC_WARN_UNINITIALIZED_AUTOS = YES_AGGRESSIVE;
				GCC_WARN_UNUSED_FUNCTION = YES;
				GCC_WARN_UNUSED_VARIABLE = YES;
				IPHONEOS_DEPLOYMENT_TARGET = 14.5;
				MTL_ENABLE_DEBUG_INFO = NO;
				MTL_FAST_MATH = YES;
				SDKROOT = iphoneos;
				SWIFT_COMPILATION_MODE = wholemodule;
				SWIFT_OPTIMIZATION_LEVEL = "-O";
				VALIDATE_PRODUCT = YES;
			};
			name = Release;
		};
		C5DA921B26C521CE005B09BA /* Debug */ = {
			isa = XCBuildConfiguration;
			buildSettings = {
				ASSETCATALOG_COMPILER_APPICON_NAME = AppIcon;
				ASSETCATALOG_COMPILER_GLOBAL_ACCENT_COLOR_NAME = AccentColor;
				CODE_SIGN_STYLE = Automatic;
				INFOPLIST_FILE = Lectures/Info.plist;
				LD_RUNPATH_SEARCH_PATHS = (
					"$(inherited)",
					"@executable_path/Frameworks",
				);
				PRODUCT_BUNDLE_IDENTIFIER = com.bunoza.Lectures;
				PRODUCT_NAME = "$(TARGET_NAME)";
				SWIFT_VERSION = 5.0;
				TARGETED_DEVICE_FAMILY = "1,2";
			};
			name = Debug;
		};
		C5DA921C26C521CE005B09BA /* Release */ = {
			isa = XCBuildConfiguration;
			buildSettings = {
				ASSETCATALOG_COMPILER_APPICON_NAME = AppIcon;
				ASSETCATALOG_COMPILER_GLOBAL_ACCENT_COLOR_NAME = AccentColor;
				CODE_SIGN_STYLE = Automatic;
				INFOPLIST_FILE = Lectures/Info.plist;
				LD_RUNPATH_SEARCH_PATHS = (
					"$(inherited)",
					"@executable_path/Frameworks",
				);
				PRODUCT_BUNDLE_IDENTIFIER = com.bunoza.Lectures;
				PRODUCT_NAME = "$(TARGET_NAME)";
				SWIFT_VERSION = 5.0;
				TARGETED_DEVICE_FAMILY = "1,2";
			};
			name = Release;
		};
/* End XCBuildConfiguration section */

/* Begin XCConfigurationList section */
		C5DA920126C521CD005B09BA /* Build configuration list for PBXProject "Lectures" */ = {
			isa = XCConfigurationList;
			buildConfigurations = (
				C5DA921826C521CE005B09BA /* Debug */,
				C5DA921926C521CE005B09BA /* Release */,
			);
			defaultConfigurationIsVisible = 0;
			defaultConfigurationName = Release;
		};
		C5DA921A26C521CE005B09BA /* Build configuration list for PBXNativeTarget "Lectures" */ = {
			isa = XCConfigurationList;
			buildConfigurations = (
				C5DA921B26C521CE005B09BA /* Debug */,
				C5DA921C26C521CE005B09BA /* Release */,
			);
			defaultConfigurationIsVisible = 0;
			defaultConfigurationName = Release;
		};
/* End XCConfigurationList section */
	};
	rootObject = C5DA91FE26C521CD005B09BA /* Project object */;
}
